
Microsoft Visual Studio Solution File, Format Version 12.00
# Visual Studio Version 17
VisualStudioVersion = 17.8.34330.188
MinimumVisualStudioVersion = 10.0.40219.1
Project("{FAE04EC0-301F-11D3-BF4B-00C04F79EFBC}") = "MBR", "MBR\MBR.csproj", "{B317752D-3EBC-49B0-9101-F482ABF8E292}"
EndProject
Global
	GlobalSection(SolutionConfigurationPlatforms) = preSolution
		Debug|Any CPU = Debug|Any CPU
		Release|Any CPU = Release|Any CPU
	EndGlobalSection
	GlobalSection(ProjectConfigurationPlatforms) = postSolution
		{B317752D-3EBC-49B0-9101-F482ABF8E292}.Debug|Any CPU.ActiveCfg = Debug|Any CPU
		{B317752D-3EBC-49B0-9101-F482ABF8E292}.Debug|Any CPU.Build.0 = Debug|Any CPU
		{B317752D-3EBC-49B0-9101-F482ABF8E292}.Release|Any CPU.ActiveCfg = Release|Any CPU
		{B317752D-3EBC-49B0-9101-F482ABF8E292}.Release|Any CPU.Build.0 = Release|Any CPU
	EndGlobalSection
	GlobalSection(SolutionProperties) = preSolution
		HideSolutionNode = FALSE
	EndGlobalSection
	GlobalSection(ExtensibilityGlobals) = postSolution
		SolutionGuid = {F2E626A4-F5AC-47E1-8D54-359DEBD2E18F}
	EndGlobalSection
EndGlobal
